
Microsoft Visual Studio Solution File, Format Version 12.00
# Visual Studio 15
VisualStudioVersion = 15.0.28307.852
MinimumVisualStudioVersion = 10.0.40219.1
Project("{9A19103F-16F7-4668-BE54-9A1E7A4F7556}") = "TodoApi", "TodoApi\TodoApi.csproj", "{07E4A25B-AF50-4F1C-A2AC-24630FD4B28D}"
EndProject
Project("{FAE04EC0-301F-11D3-BF4B-00C04F79EFBC}") = "TodoApi.UnitTest", "TodoApi.UnitTest\TodoApi.UnitTest.csproj", "{EBD8FD39-CAB5-4852-8C46-91CB8D1BB47F}"
EndProject
Global
	GlobalSection(SolutionConfigurationPlatforms) = preSolution
		Debug|Any CPU = Debug|Any CPU
		Release|Any CPU = Release|Any CPU
	EndGlobalSection
	GlobalSection(ProjectConfigurationPlatforms) = postSolution
		{07E4A25B-AF50-4F1C-A2AC-24630FD4B28D}.Debug|Any CPU.ActiveCfg = Debug|Any CPU
		{07E4A25B-AF50-4F1C-A2AC-24630FD4B28D}.Debug|Any CPU.Build.0 = Debug|Any CPU
		{07E4A25B-AF50-4F1C-A2AC-24630FD4B28D}.Release|Any CPU.ActiveCfg = Release|Any CPU
		{07E4A25B-AF50-4F1C-A2AC-24630FD4B28D}.Release|Any CPU.Build.0 = Release|Any CPU
		{EBD8FD39-CAB5-4852-8C46-91CB8D1BB47F}.Debug|Any CPU.ActiveCfg = Debug|Any CPU
		{EBD8FD39-CAB5-4852-8C46-91CB8D1BB47F}.Debug|Any CPU.Build.0 = Debug|Any CPU
		{EBD8FD39-CAB5-4852-8C46-91CB8D1BB47F}.Release|Any CPU.ActiveCfg = Release|Any CPU
		{EBD8FD39-CAB5-4852-8C46-91CB8D1BB47F}.Release|Any CPU.Build.0 = Release|Any CPU
	EndGlobalSection
	GlobalSection(SolutionProperties) = preSolution
		HideSolutionNode = FALSE
	EndGlobalSection
	GlobalSection(ExtensibilityGlobals) = postSolution
		SolutionGuid = {39EA4172-ACED-42F4-BE8C-E8FAB0E6EA73}
	EndGlobalSection
EndGlobal
